
Microsoft Visual Studio Solution File, Format Version 12.00
# Visual Studio Version 17
VisualStudioVersion = 17.11.35327.3
MinimumVisualStudioVersion = 10.0.40219.1
Project("{FAE04EC0-301F-11D3-BF4B-00C04F79EFBC}") = "MyInsurance", "MyInsurance\MyInsurance.csproj", "{F25E071D-96F2-4E76-A8E2-AEA00D169093}"
EndProject
Global
	GlobalSection(SolutionConfigurationPlatforms) = preSolution
		Debug|Any CPU = Debug|Any CPU
		Release|Any CPU = Release|Any CPU
	EndGlobalSection
	GlobalSection(ProjectConfigurationPlatforms) = postSolution
		{F25E071D-96F2-4E76-A8E2-AEA00D169093}.Debug|Any CPU.ActiveCfg = Debug|Any CPU
		{F25E071D-96F2-4E76-A8E2-AEA00D169093}.Debug|Any CPU.Build.0 = Debug|Any CPU
		{F25E071D-96F2-4E76-A8E2-AEA00D169093}.Release|Any CPU.ActiveCfg = Release|Any CPU
		{F25E071D-96F2-4E76-A8E2-AEA00D169093}.Release|Any CPU.Build.0 = Release|Any CPU
	EndGlobalSection
	GlobalSection(SolutionProperties) = preSolution
		HideSolutionNode = FALSE
	EndGlobalSection
	GlobalSection(ExtensibilityGlobals) = postSolution
		SolutionGuid = {3BB69967-E372-4566-BB1F-5EBCE937BE1E}
	EndGlobalSection
EndGlobal
